
Microsoft Visual Studio Solution File, Format Version 12.00
# Visual Studio Version 17
VisualStudioVersion = 17.11.35312.102
MinimumVisualStudioVersion = 10.0.40219.1
Project("{FAE04EC0-301F-11D3-BF4B-00C04F79EFBC}") = "RestaurantOrderingSystem", "RestaurantOrderingSystem\RestaurantOrderingSystem.csproj", "{F98B456E-B01A-42A8-A825-3F6E1DBC76B9}"
EndProject
Global
	GlobalSection(SolutionConfigurationPlatforms) = preSolution
		Debug|Any CPU = Debug|Any CPU
		Release|Any CPU = Release|Any CPU
	EndGlobalSection
	GlobalSection(ProjectConfigurationPlatforms) = postSolution
		{F98B456E-B01A-42A8-A825-3F6E1DBC76B9}.Debug|Any CPU.ActiveCfg = Debug|Any CPU
		{F98B456E-B01A-42A8-A825-3F6E1DBC76B9}.Debug|Any CPU.Build.0 = Debug|Any CPU
		{F98B456E-B01A-42A8-A825-3F6E1DBC76B9}.Release|Any CPU.ActiveCfg = Release|Any CPU
		{F98B456E-B01A-42A8-A825-3F6E1DBC76B9}.Release|Any CPU.Build.0 = Release|Any CPU
	EndGlobalSection
	GlobalSection(SolutionProperties) = preSolution
		HideSolutionNode = FALSE
	EndGlobalSection
	GlobalSection(ExtensibilityGlobals) = postSolution
		SolutionGuid = {49D389C7-2D3D-4D8B-BC38-B3A82D75C0ED}
	EndGlobalSection
EndGlobal
